{
  "requires": true,
  "lockfileVersion": 1,
  "dependencies": {
    "eslint-plugin-this": {
      "version": "0.2.3",
      "resolved": "https://registry.npmjs.org/eslint-plugin-this/-/eslint-plugin-this-0.2.3.tgz",
      "integrity": "sha512-zjrgI9fXey7G+shc+xNLr6V3+vuzqGHwTUd/rBko+W+k/eq+2BGahlBBmfPhklBtkDZs+hHpTq2VH86mg7Z5NA==",
      "dev": true
    }
  }
}
